# THIS IS AN AUTOGENERATED LOCKFILE. DO NOT EDIT MANUALLY.
cachetools==4.2.2
certifi==2021.5.30
cffi==1.14.6
charset-normalizer==2.0.4
gbq==0.2.0
google-api-core==2.0.1
google-auth==2.0.2
google-cloud-bigquery==2.26.0
google-cloud-core==2.0.0
google-crc32c==1.1.2
google-resumable-media==2.0.2
googleapis-common-protos==1.53.0
grpcio==1.40.0
idna==3.2
packaging==21.0
pip==21.0.1
proto-plus==1.19.0
protobuf==3.17.3
pyasn1==0.4.8
pyasn1-modules==0.2.8
pycparser==2.20
pydantic==1.8.2
pyparsing==2.4.7
requests==2.26.0
rsa==4.7.2
setuptools==53.0.0
six==1.16.0
typing-extensions==3.10.0.2
urllib3==1.26.6
wheel==0.36.2
